
Microsoft Visual Studio Solution File, Format Version 12.00
Project("{FAE04EC0-301F-11D3-BF4B-00C04F79EFBC}") = "bookshelf-app", "bookshelf-app\bookshelf-app.csproj", "{5749159E-4C58-449C-B950-62A8E4353593}"
EndProject
Project("{FAE04EC0-301F-11D3-BF4B-00C04F79EFBC}") = "bookshelf", "bookshelf\bookshelf.csproj", "{51392851-ED7D-4273-B05C-256924AED1B2}"
EndProject
Global
	GlobalSection(SolutionConfigurationPlatforms) = preSolution
		Debug|Any CPU = Debug|Any CPU
		Release|Any CPU = Release|Any CPU
	EndGlobalSection
	GlobalSection(ProjectConfigurationPlatforms) = postSolution
		{5749159E-4C58-449C-B950-62A8E4353593}.Debug|Any CPU.ActiveCfg = Debug|Any CPU
		{5749159E-4C58-449C-B950-62A8E4353593}.Debug|Any CPU.Build.0 = Debug|Any CPU
		{5749159E-4C58-449C-B950-62A8E4353593}.Release|Any CPU.ActiveCfg = Release|Any CPU
		{5749159E-4C58-449C-B950-62A8E4353593}.Release|Any CPU.Build.0 = Release|Any CPU
		{51392851-ED7D-4273-B05C-256924AED1B2}.Debug|Any CPU.ActiveCfg = Debug|Any CPU
		{51392851-ED7D-4273-B05C-256924AED1B2}.Debug|Any CPU.Build.0 = Debug|Any CPU
		{51392851-ED7D-4273-B05C-256924AED1B2}.Release|Any CPU.ActiveCfg = Release|Any CPU
		{51392851-ED7D-4273-B05C-256924AED1B2}.Release|Any CPU.Build.0 = Release|Any CPU
	EndGlobalSection
EndGlobal
